
Microsoft Visual Studio Solution File, Format Version 11.00
# Visual Studio 2010
# SharpDevelop 4.3
Project("{FAE04EC0-301F-11D3-BF4B-00C04F79EFBC}") = "TestServerPulsar", "TestServerPulsar\TestServerPulsar.csproj", "{B9078FE5-574E-4482-A533-8BAC038235ED}"
EndProject
Global
	GlobalSection(SolutionConfigurationPlatforms) = preSolution
		Debug|Any CPU = Debug|Any CPU
		Release|Any CPU = Release|Any CPU
	EndGlobalSection
	GlobalSection(ProjectConfigurationPlatforms) = postSolution
		{B9078FE5-574E-4482-A533-8BAC038235ED}.Debug|Any CPU.Build.0 = Debug|Any CPU
		{B9078FE5-574E-4482-A533-8BAC038235ED}.Debug|Any CPU.ActiveCfg = Debug|Any CPU
		{B9078FE5-574E-4482-A533-8BAC038235ED}.Release|Any CPU.Build.0 = Release|Any CPU
		{B9078FE5-574E-4482-A533-8BAC038235ED}.Release|Any CPU.ActiveCfg = Release|Any CPU
	EndGlobalSection
EndGlobal
